
Microsoft Visual Studio Solution File, Format Version 12.00
# Visual Studio Version 17
VisualStudioVersion = 17.0.31903.59
MinimumVisualStudioVersion = 10.0.40219.1
Project("{2150E333-8FDC-42A3-9474-1A3956D46DE8}") = "src", "src", "{063A754D-1A1B-4D4F-A925-611EA66F9CAF}"
EndProject
Project("{FAE04EC0-301F-11D3-BF4B-00C04F79EFBC}") = "LiveSplit.Subsplits", "src\LiveSplit.Subsplits\LiveSplit.Subsplits.csproj", "{0B76D283-0B17-447B-8592-50816E2E3757}"
EndProject
Global
	GlobalSection(SolutionConfigurationPlatforms) = preSolution
		Debug|Any CPU = Debug|Any CPU
		Release|Any CPU = Release|Any CPU
	EndGlobalSection
	GlobalSection(SolutionProperties) = preSolution
		HideSolutionNode = FALSE
	EndGlobalSection
	GlobalSection(ProjectConfigurationPlatforms) = postSolution
		{0B76D283-0B17-447B-8592-50816E2E3757}.Debug|Any CPU.ActiveCfg = Debug|Any CPU
		{0B76D283-0B17-447B-8592-50816E2E3757}.Debug|Any CPU.Build.0 = Debug|Any CPU
		{0B76D283-0B17-447B-8592-50816E2E3757}.Release|Any CPU.ActiveCfg = Release|Any CPU
		{0B76D283-0B17-447B-8592-50816E2E3757}.Release|Any CPU.Build.0 = Release|Any CPU
	EndGlobalSection
	GlobalSection(NestedProjects) = preSolution
		{0B76D283-0B17-447B-8592-50816E2E3757} = {063A754D-1A1B-4D4F-A925-611EA66F9CAF}
	EndGlobalSection
EndGlobal
